
Microsoft Visual Studio Solution File, Format Version 12.00
# Visual Studio Version 17
VisualStudioVersion = 17.8.34511.84
MinimumVisualStudioVersion = 10.0.40219.1
Project("{FAE04EC0-301F-11D3-BF4B-00C04F79EFBC}") = "SMBWriteLibrary", "SMBWriteLibrary\SMBWriteLibrary.csproj", "{4A852A24-F194-4D30-B199-BB1BE1269B8B}"
EndProject
Project("{FAE04EC0-301F-11D3-BF4B-00C04F79EFBC}") = "SMBConsole", "..\SMBConsole\SMBConsole.csproj", "{0E1B0B19-4708-4FB4-BCCD-7D0B81E9D086}"
EndProject
Global
	GlobalSection(SolutionConfigurationPlatforms) = preSolution
		Debug|Any CPU = Debug|Any CPU
		Release|Any CPU = Release|Any CPU
	EndGlobalSection
	GlobalSection(ProjectConfigurationPlatforms) = postSolution
		{4A852A24-F194-4D30-B199-BB1BE1269B8B}.Debug|Any CPU.ActiveCfg = Debug|Any CPU
		{4A852A24-F194-4D30-B199-BB1BE1269B8B}.Debug|Any CPU.Build.0 = Debug|Any CPU
		{4A852A24-F194-4D30-B199-BB1BE1269B8B}.Release|Any CPU.ActiveCfg = Release|Any CPU
		{4A852A24-F194-4D30-B199-BB1BE1269B8B}.Release|Any CPU.Build.0 = Release|Any CPU
		{0E1B0B19-4708-4FB4-BCCD-7D0B81E9D086}.Debug|Any CPU.ActiveCfg = Debug|Any CPU
		{0E1B0B19-4708-4FB4-BCCD-7D0B81E9D086}.Debug|Any CPU.Build.0 = Debug|Any CPU
		{0E1B0B19-4708-4FB4-BCCD-7D0B81E9D086}.Release|Any CPU.ActiveCfg = Release|Any CPU
		{0E1B0B19-4708-4FB4-BCCD-7D0B81E9D086}.Release|Any CPU.Build.0 = Release|Any CPU
	EndGlobalSection
	GlobalSection(SolutionProperties) = preSolution
		HideSolutionNode = FALSE
	EndGlobalSection
	GlobalSection(ExtensibilityGlobals) = postSolution
		SolutionGuid = {D2BBFECD-FDD5-4F3A-A63B-2ECF905CD31D}
	EndGlobalSection
EndGlobal
