
Microsoft Visual Studio Solution File, Format Version 12.00
# Visual Studio Version 17
VisualStudioVersion = 17.8.34511.84
MinimumVisualStudioVersion = 10.0.40219.1
Project("{9A19103F-16F7-4668-BE54-9A1E7A4F7556}") = "SampleAppSoapCore", "SampleAppSoapCore.csproj", "{5BA767F0-8843-4A70-8F74-254467A5F039}"
EndProject
Global
	GlobalSection(SolutionConfigurationPlatforms) = preSolution
		Debug|Any CPU = Debug|Any CPU
		Release|Any CPU = Release|Any CPU
	EndGlobalSection
	GlobalSection(ProjectConfigurationPlatforms) = postSolution
		{5BA767F0-8843-4A70-8F74-254467A5F039}.Debug|Any CPU.ActiveCfg = Debug|Any CPU
		{5BA767F0-8843-4A70-8F74-254467A5F039}.Debug|Any CPU.Build.0 = Debug|Any CPU
		{5BA767F0-8843-4A70-8F74-254467A5F039}.Release|Any CPU.ActiveCfg = Release|Any CPU
		{5BA767F0-8843-4A70-8F74-254467A5F039}.Release|Any CPU.Build.0 = Release|Any CPU
	EndGlobalSection
	GlobalSection(SolutionProperties) = preSolution
		HideSolutionNode = FALSE
	EndGlobalSection
	GlobalSection(ExtensibilityGlobals) = postSolution
		SolutionGuid = {FAC2AA46-2295-4BBF-9214-CEF9F3D02D14}
	EndGlobalSection
EndGlobal
