
Microsoft Visual Studio Solution File, Format Version 12.00
# Visual Studio Version 17
VisualStudioVersion = 17.8.34511.84
MinimumVisualStudioVersion = 10.0.40219.1
Project("{FAE04EC0-301F-11D3-BF4B-00C04F79EFBC}") = "Automapper", "Automapper\Automapper.csproj", "{F4307867-0822-48A7-A388-2EC5CB3C0CCA}"
EndProject
Global
	GlobalSection(SolutionConfigurationPlatforms) = preSolution
		Debug|Any CPU = Debug|Any CPU
		Release|Any CPU = Release|Any CPU
	EndGlobalSection
	GlobalSection(ProjectConfigurationPlatforms) = postSolution
		{F4307867-0822-48A7-A388-2EC5CB3C0CCA}.Debug|Any CPU.ActiveCfg = Debug|Any CPU
		{F4307867-0822-48A7-A388-2EC5CB3C0CCA}.Debug|Any CPU.Build.0 = Debug|Any CPU
		{F4307867-0822-48A7-A388-2EC5CB3C0CCA}.Release|Any CPU.ActiveCfg = Release|Any CPU
		{F4307867-0822-48A7-A388-2EC5CB3C0CCA}.Release|Any CPU.Build.0 = Release|Any CPU
	EndGlobalSection
	GlobalSection(SolutionProperties) = preSolution
		HideSolutionNode = FALSE
	EndGlobalSection
	GlobalSection(ExtensibilityGlobals) = postSolution
		SolutionGuid = {EFE3565F-C90D-4852-AF1F-AE270A49E257}
	EndGlobalSection
EndGlobal
