
Microsoft Visual Studio Solution File, Format Version 12.00
# Visual Studio Version 17
VisualStudioVersion = 17.8.34511.84
MinimumVisualStudioVersion = 10.0.40219.1
Project("{FAE04EC0-301F-11D3-BF4B-00C04F79EFBC}") = "testAppPath", "testAppPath\testAppPath.csproj", "{FEFCCE90-87D4-45AF-91F9-FCF8E6EEB7D5}"
EndProject
Global
	GlobalSection(SolutionConfigurationPlatforms) = preSolution
		Debug|Any CPU = Debug|Any CPU
		Release|Any CPU = Release|Any CPU
	EndGlobalSection
	GlobalSection(ProjectConfigurationPlatforms) = postSolution
		{FEFCCE90-87D4-45AF-91F9-FCF8E6EEB7D5}.Debug|Any CPU.ActiveCfg = Debug|Any CPU
		{FEFCCE90-87D4-45AF-91F9-FCF8E6EEB7D5}.Debug|Any CPU.Build.0 = Debug|Any CPU
		{FEFCCE90-87D4-45AF-91F9-FCF8E6EEB7D5}.Release|Any CPU.ActiveCfg = Release|Any CPU
		{FEFCCE90-87D4-45AF-91F9-FCF8E6EEB7D5}.Release|Any CPU.Build.0 = Release|Any CPU
	EndGlobalSection
	GlobalSection(SolutionProperties) = preSolution
		HideSolutionNode = FALSE
	EndGlobalSection
	GlobalSection(ExtensibilityGlobals) = postSolution
		SolutionGuid = {64AB9DAD-0809-4827-A8B7-F5BF0153DB7C}
	EndGlobalSection
EndGlobal
